// !$*UTF8*$!
{
	archiveVersion = 1;
	classes = {
	};
	objectVersion = 56;
	objects = {

/* Begin PBXBuildFile section */
		3D0EBFB028F09A6100F442B1 /* MovieBookingApp.swift in Sources */ = {isa = PBXBuildFile; fileRef = 3D0EBFAF28F09A6100F442B1 /* MovieBookingApp.swift */; };
		3D0EBFB228F09A6100F442B1 /* ContentView.swift in Sources */ = {isa = PBXBuildFile; fileRef = 3D0EBFB128F09A6100F442B1 /* ContentView.swift */; };
		3D0EBFB728F09A6200F442B1 /* Preview Assets.xcassets in Resources */ = {isa = PBXBuildFile; fileRef = 3D0EBFB628F09A6200F442B1 /* Preview Assets.xcassets */; };
		3D0EBFCA28F09C6F00F442B1 /* RoundButton.swift in Sources */ = {isa = PBXBuildFile; fileRef = 3D0EBFBE28F09C6F00F442B1 /* RoundButton.swift */; };
		3D0EBFCB28F09C6F00F442B1 /* CircleButton.swift in Sources */ = {isa = PBXBuildFile; fileRef = 3D0EBFBF28F09C6F00F442B1 /* CircleButton.swift */; };
		3D0EBFCC28F09C6F00F442B1 /* DateButton.swift in Sources */ = {isa = PBXBuildFile; fileRef = 3D0EBFC028F09C6F00F442B1 /* DateButton.swift */; };
		3D0EBFCD28F09C6F00F442B1 /* TimeButton.swift in Sources */ = {isa = PBXBuildFile; fileRef = 3D0EBFC128F09C6F00F442B1 /* TimeButton.swift */; };
		3D0EBFCE28F09C6F00F442B1 /* StatusUI.swift in Sources */ = {isa = PBXBuildFile; fileRef = 3D0EBFC328F09C6F00F442B1 /* StatusUI.swift */; };
		3D0EBFCF28F09C6F00F442B1 /* CircleBackground.swift in Sources */ = {isa = PBXBuildFile; fileRef = 3D0EBFC428F09C6F00F442B1 /* CircleBackground.swift */; };
		3D0EBFD028F09C6F00F442B1 /* utils.swift in Sources */ = {isa = PBXBuildFile; fileRef = 3D0EBFC528F09C6F00F442B1 /* utils.swift */; };
		3D0EBFD128F09C6F00F442B1 /* Assets.xcassets in Resources */ = {isa = PBXBuildFile; fileRef = 3D0EBFC628F09C6F00F442B1 /* Assets.xcassets */; };
		3D0EBFD228F09C6F00F442B1 /* PosterData.swift in Sources */ = {isa = PBXBuildFile; fileRef = 3D0EBFC828F09C6F00F442B1 /* PosterData.swift */; };
		3D0EBFD328F09C6F00F442B1 /* TicketData.swift in Sources */ = {isa = PBXBuildFile; fileRef = 3D0EBFC928F09C6F00F442B1 /* TicketData.swift */; };
		3D0EBFD628F09DB300F442B1 /* TicketView.swift in Sources */ = {isa = PBXBuildFile; fileRef = 3D0EBFD528F09DB300F442B1 /* TicketView.swift */; };
		3D0EBFD928F0AA9000F442B1 /* Ticket.swift in Sources */ = {isa = PBXBuildFile; fileRef = 3D0EBFD828F0AA9000F442B1 /* Ticket.swift */; };
		3D0EBFDB28F0B75D00F442B1 /* Tickets.swift in Sources */ = {isa = PBXBuildFile; fileRef = 3D0EBFDA28F0B75D00F442B1 /* Tickets.swift */; };
		3D0EBFDD28F4A16800F442B1 /* TabData.swift in Sources */ = {isa = PBXBuildFile; fileRef = 3D0EBFDC28F4A16800F442B1 /* TabData.swift */; };
		3D0EBFDF28F4A3D200F442B1 /* CustomTabBar.swift in Sources */ = {isa = PBXBuildFile; fileRef = 3D0EBFDE28F4A3D200F442B1 /* CustomTabBar.swift */; };
		3D0EBFE128F4BDA600F442B1 /* HomeView.swift in Sources */ = {isa = PBXBuildFile; fileRef = 3D0EBFE028F4BDA600F442B1 /* HomeView.swift */; };
		3D0EBFE528F4C05800F442B1 /* CustomSearchBar.swift in Sources */ = {isa = PBXBuildFile; fileRef = 3D0EBFE428F4C05800F442B1 /* CustomSearchBar.swift */; };
		3D49756B2936A9470071D797 /* ScrollSection.swift in Sources */ = {isa = PBXBuildFile; fileRef = 3D49756A2936A9470071D797 /* ScrollSection.swift */; };
		3D49756D293921EF0071D797 /* BookingView.swift in Sources */ = {isa = PBXBuildFile; fileRef = 3D49756C293921EF0071D797 /* BookingView.swift */; };
		3D49756F2939418E0071D797 /* LargeButton.swift in Sources */ = {isa = PBXBuildFile; fileRef = 3D49756E2939418E0071D797 /* LargeButton.swift */; };
		3D497571293948B30071D797 /* SeatsView.swift in Sources */ = {isa = PBXBuildFile; fileRef = 3D497570293948B30071D797 /* SeatsView.swift */; };
		3D49757329394A7D0071D797 /* CustomNavigationBar.swift in Sources */ = {isa = PBXBuildFile; fileRef = 3D49757229394A7D0071D797 /* CustomNavigationBar.swift */; };
/* End PBXBuildFile section */

/* Begin PBXFileReference section */
		3D0EBFAC28F09A6100F442B1 /* MovieBooking.app */ = {isa = PBXFileReference; explicitFileType = wrapper.application; includeInIndex = 0; path = MovieBooking.app; sourceTree = BUILT_PRODUCTS_DIR; };
		3D0EBFAF28F09A6100F442B1 /* MovieBookingApp.swift */ = {isa = PBXFileReference; lastKnownFileType = sourcecode.swift; path = MovieBookingApp.swift; sourceTree = "<group>"; };
		3D0EBFB128F09A6100F442B1 /* ContentView.swift */ = {isa = PBXFileReference; lastKnownFileType = sourcecode.swift; path = ContentView.swift; sourceTree = "<group>"; };
		3D0EBFB628F09A6200F442B1 /* Preview Assets.xcassets */ = {isa = PBXFileReference; lastKnownFileType = folder.assetcatalog; path = "Preview Assets.xcassets"; sourceTree = "<group>"; };
		3D0EBFBE28F09C6F00F442B1 /* RoundButton.swift */ = {isa = PBXFileReference; fileEncoding = 4; lastKnownFileType = sourcecode.swift; path = RoundButton.swift; sourceTree = "<group>"; };
		3D0EBFBF28F09C6F00F442B1 /* CircleButton.swift */ = {isa = PBXFileReference; fileEncoding = 4; lastKnownFileType = sourcecode.swift; path = CircleButton.swift; sourceTree = "<group>"; };
		3D0EBFC028F09C6F00F442B1 /* DateButton.swift */ = {isa = PBXFileReference; fileEncoding = 4; lastKnownFileType = sourcecode.swift; path = DateButton.swift; sourceTree = "<group>"; };
		3D0EBFC128F09C6F00F442B1 /* TimeButton.swift */ = {isa = PBXFileReference; fileEncoding = 4; lastKnownFileType = sourcecode.swift; path = TimeButton.swift; sourceTree = "<group>"; };
		3D0EBFC328F09C6F00F442B1 /* StatusUI.swift */ = {isa = PBXFileReference; fileEncoding = 4; lastKnownFileType = sourcecode.swift; path = StatusUI.swift; sourceTree = "<group>"; };
		3D0EBFC428F09C6F00F442B1 /* CircleBackground.swift */ = {isa = PBXFileReference; fileEncoding = 4; lastKnownFileType = sourcecode.swift; path = CircleBackground.swift; sourceTree = "<group>"; };
		3D0EBFC528F09C6F00F442B1 /* utils.swift */ = {isa = PBXFileReference; fileEncoding = 4; lastKnownFileType = sourcecode.swift; path = utils.swift; sourceTree = "<group>"; };
		3D0EBFC628F09C6F00F442B1 /* Assets.xcassets */ = {isa = PBXFileReference; lastKnownFileType = folder.assetcatalog; path = Assets.xcassets; sourceTree = "<group>"; };
		3D0EBFC828F09C6F00F442B1 /* PosterData.swift */ = {isa = PBXFileReference; fileEncoding = 4; lastKnownFileType = sourcecode.swift; path = PosterData.swift; sourceTree = "<group>"; };
		3D0EBFC928F09C6F00F442B1 /* TicketData.swift */ = {isa = PBXFileReference; fileEncoding = 4; lastKnownFileType = sourcecode.swift; path = TicketData.swift; sourceTree = "<group>"; };
		3D0EBFD528F09DB300F442B1 /* TicketView.swift */ = {isa = PBXFileReference; lastKnownFileType = sourcecode.swift; path = TicketView.swift; sourceTree = "<group>"; };
		3D0EBFD828F0AA9000F442B1 /* Ticket.swift */ = {isa = PBXFileReference; lastKnownFileType = sourcecode.swift; path = Ticket.swift; sourceTree = "<group>"; };
		3D0EBFDA28F0B75D00F442B1 /* Tickets.swift */ = {isa = PBXFileReference; lastKnownFileType = sourcecode.swift; path = Tickets.swift; sourceTree = "<group>"; };
		3D0EBFDC28F4A16800F442B1 /* TabData.swift */ = {isa = PBXFileReference; lastKnownFileType = sourcecode.swift; path = TabData.swift; sourceTree = "<group>"; };
		3D0EBFDE28F4A3D200F442B1 /* CustomTabBar.swift */ = {isa = PBXFileReference; lastKnownFileType = sourcecode.swift; path = CustomTabBar.swift; sourceTree = "<group>"; };
		3D0EBFE028F4BDA600F442B1 /* HomeView.swift */ = {isa = PBXFileReference; lastKnownFileType = sourcecode.swift; path = HomeView.swift; sourceTree = "<group>"; };
		3D0EBFE428F4C05800F442B1 /* CustomSearchBar.swift */ = {isa = PBXFileReference; lastKnownFileType = sourcecode.swift; path = CustomSearchBar.swift; sourceTree = "<group>"; };
		3D49756A2936A9470071D797 /* ScrollSection.swift */ = {isa = PBXFileReference; lastKnownFileType = sourcecode.swift; path = ScrollSection.swift; sourceTree = "<group>"; };
		3D49756C293921EF0071D797 /* BookingView.swift */ = {isa = PBXFileReference; lastKnownFileType = sourcecode.swift; path = BookingView.swift; sourceTree = "<group>"; };
		3D49756E2939418E0071D797 /* LargeButton.swift */ = {isa = PBXFileReference; fileEncoding = 4; lastKnownFileType = sourcecode.swift; path = LargeButton.swift; sourceTree = "<group>"; };
		3D497570293948B30071D797 /* SeatsView.swift */ = {isa = PBXFileReference; lastKnownFileType = sourcecode.swift; path = SeatsView.swift; sourceTree = "<group>"; };
		3D49757229394A7D0071D797 /* CustomNavigationBar.swift */ = {isa = PBXFileReference; lastKnownFileType = sourcecode.swift; path = CustomNavigationBar.swift; sourceTree = "<group>"; };
/* End PBXFileReference section */

/* Begin PBXFrameworksBuildPhase section */
		3D0EBFA928F09A6100F442B1 /* Frameworks */ = {
			isa = PBXFrameworksBuildPhase;
			buildActionMask = 2147483647;
			files = (
			);
			runOnlyForDeploymentPostprocessing = 0;
		};
/* End PBXFrameworksBuildPhase section */

/* Begin PBXGroup section */
		3D0EBFA328F09A6100F442B1 = {
			isa = PBXGroup;
			children = (
				3D0EBFAE28F09A6100F442B1 /* MovieBooking */,
				3D0EBFAD28F09A6100F442B1 /* Products */,
			);
			sourceTree = "<group>";
		};
		3D0EBFAD28F09A6100F442B1 /* Products */ = {
			isa = PBXGroup;
			children = (
				3D0EBFAC28F09A6100F442B1 /* MovieBooking.app */,
			);
			name = Products;
			sourceTree = "<group>";
		};
		3D0EBFAE28F09A6100F442B1 /* MovieBooking */ = {
			isa = PBXGroup;
			children = (
				3D0EBFB128F09A6100F442B1 /* ContentView.swift */,
				3D0EBFD728F0AA3E00F442B1 /* Cards */,
				3D0EBFD428F09D9D00F442B1 /* Views */,
				3D0EBFBD28F09C6F00F442B1 /* Buttons */,
				3D0EBFC728F09C6F00F442B1 /* Data */,
				3D0EBFC228F09C6F00F442B1 /* UI */,
				3D0EBFC528F09C6F00F442B1 /* utils.swift */,
				3D0EBFAF28F09A6100F442B1 /* MovieBookingApp.swift */,
				3D0EBFB528F09A6200F442B1 /* Preview Content */,
				3D0EBFC628F09C6F00F442B1 /* Assets.xcassets */,
			);
			path = MovieBooking;
			sourceTree = "<group>";
		};
		3D0EBFB528F09A6200F442B1 /* Preview Content */ = {
			isa = PBXGroup;
			children = (
				3D0EBFB628F09A6200F442B1 /* Preview Assets.xcassets */,
			);
			path = "Preview Content";
			sourceTree = "<group>";
		};
		3D0EBFBD28F09C6F00F442B1 /* Buttons */ = {
			isa = PBXGroup;
			children = (
				3D0EBFBE28F09C6F00F442B1 /* RoundButton.swift */,
				3D0EBFBF28F09C6F00F442B1 /* CircleButton.swift */,
				3D0EBFC028F09C6F00F442B1 /* DateButton.swift */,
				3D0EBFC128F09C6F00F442B1 /* TimeButton.swift */,
				3D49756E2939418E0071D797 /* LargeButton.swift */,
			);
			path = Buttons;
			sourceTree = "<group>";
		};
		3D0EBFC228F09C6F00F442B1 /* UI */ = {
			isa = PBXGroup;
			children = (
				3D0EBFC328F09C6F00F442B1 /* StatusUI.swift */,
				3D0EBFC428F09C6F00F442B1 /* CircleBackground.swift */,
				3D0EBFDE28F4A3D200F442B1 /* CustomTabBar.swift */,
				3D0EBFE428F4C05800F442B1 /* CustomSearchBar.swift */,
				3D49756A2936A9470071D797 /* ScrollSection.swift */,
				3D49757229394A7D0071D797 /* CustomNavigationBar.swift */,
			);
			path = UI;
			sourceTree = "<group>";
		};
		3D0EBFC728F09C6F00F442B1 /* Data */ = {
			isa = PBXGroup;
			children = (
				3D0EBFC828F09C6F00F442B1 /* PosterData.swift */,
				3D0EBFC928F09C6F00F442B1 /* TicketData.swift */,
				3D0EBFDC28F4A16800F442B1 /* TabData.swift */,
			);
			path = Data;
			sourceTree = "<group>";
		};
		3D0EBFD428F09D9D00F442B1 /* Views */ = {
			isa = PBXGroup;
			children = (
				3D0EBFD528F09DB300F442B1 /* TicketView.swift */,
				3D0EBFE028F4BDA600F442B1 /* HomeView.swift */,
				3D49756C293921EF0071D797 /* BookingView.swift */,
				3D497570293948B30071D797 /* SeatsView.swift */,
			);
			path = Views;
			sourceTree = "<group>";
		};
		3D0EBFD728F0AA3E00F442B1 /* Cards */ = {
			isa = PBXGroup;
			children = (
				3D0EBFD828F0AA9000F442B1 /* Ticket.swift */,
				3D0EBFDA28F0B75D00F442B1 /* Tickets.swift */,
			);
			path = Cards;
			sourceTree = "<group>";
		};
/* End PBXGroup section */

/* Begin PBXNativeTarget section */
		3D0EBFAB28F09A6100F442B1 /* MovieBooking */ = {
			isa = PBXNativeTarget;
			buildConfigurationList = 3D0EBFBA28F09A6200F442B1 /* Build configuration list for PBXNativeTarget "MovieBooking" */;
			buildPhases = (
				3D0EBFA828F09A6100F442B1 /* Sources */,
				3D0EBFA928F09A6100F442B1 /* Frameworks */,
				3D0EBFAA28F09A6100F442B1 /* Resources */,
			);
			buildRules = (
			);
			dependencies = (
			);
			name = MovieBooking;
			productName = MovieBooking;
			productReference = 3D0EBFAC28F09A6100F442B1 /* MovieBooking.app */;
			productType = "com.apple.product-type.application";
		};
/* End PBXNativeTarget section */

/* Begin PBXProject section */
		3D0EBFA428F09A6100F442B1 /* Project object */ = {
			isa = PBXProject;
			attributes = {
				BuildIndependentTargetsInParallel = 1;
				LastSwiftUpdateCheck = 1400;
				LastUpgradeCheck = 1400;
				TargetAttributes = {
					3D0EBFAB28F09A6100F442B1 = {
						CreatedOnToolsVersion = 14.0.1;
					};
				};
			};
			buildConfigurationList = 3D0EBFA728F09A6100F442B1 /* Build configuration list for PBXProject "MovieBooking" */;
			compatibilityVersion = "Xcode 14.0";
			developmentRegion = en;
			hasScannedForEncodings = 0;
			knownRegions = (
				en,
				Base,
			);
			mainGroup = 3D0EBFA328F09A6100F442B1;
			productRefGroup = 3D0EBFAD28F09A6100F442B1 /* Products */;
			projectDirPath = "";
			projectRoot = "";
			targets = (
				3D0EBFAB28F09A6100F442B1 /* MovieBooking */,
			);
		};
/* End PBXProject section */

/* Begin PBXResourcesBuildPhase section */
		3D0EBFAA28F09A6100F442B1 /* Resources */ = {
			isa = PBXResourcesBuildPhase;
			buildActionMask = 2147483647;
			files = (
				3D0EBFD128F09C6F00F442B1 /* Assets.xcassets in Resources */,
				3D0EBFB728F09A6200F442B1 /* Preview Assets.xcassets in Resources */,
			);
			runOnlyForDeploymentPostprocessing = 0;
		};
/* End PBXResourcesBuildPhase section */

/* Begin PBXSourcesBuildPhase section */
		3D0EBFA828F09A6100F442B1 /* Sources */ = {
			isa = PBXSourcesBuildPhase;
			buildActionMask = 2147483647;
			files = (
				3D0EBFD028F09C6F00F442B1 /* utils.swift in Sources */,
				3D0EBFDD28F4A16800F442B1 /* TabData.swift in Sources */,
				3D0EBFCA28F09C6F00F442B1 /* RoundButton.swift in Sources */,
				3D0EBFB228F09A6100F442B1 /* ContentView.swift in Sources */,
				3D49756D293921EF0071D797 /* BookingView.swift in Sources */,
				3D0EBFDF28F4A3D200F442B1 /* CustomTabBar.swift in Sources */,
				3D0EBFE128F4BDA600F442B1 /* HomeView.swift in Sources */,
				3D49757329394A7D0071D797 /* CustomNavigationBar.swift in Sources */,
				3D0EBFB028F09A6100F442B1 /* MovieBookingApp.swift in Sources */,
				3D0EBFD328F09C6F00F442B1 /* TicketData.swift in Sources */,
				3D0EBFCF28F09C6F00F442B1 /* CircleBackground.swift in Sources */,
				3D0EBFD928F0AA9000F442B1 /* Ticket.swift in Sources */,
				3D49756F2939418E0071D797 /* LargeButton.swift in Sources */,
				3D0EBFD628F09DB300F442B1 /* TicketView.swift in Sources */,
				3D0EBFCB28F09C6F00F442B1 /* CircleButton.swift in Sources */,
				3D0EBFCD28F09C6F00F442B1 /* TimeButton.swift in Sources */,
				3D0EBFCE28F09C6F00F442B1 /* StatusUI.swift in Sources */,
				3D0EBFE528F4C05800F442B1 /* CustomSearchBar.swift in Sources */,
				3D497571293948B30071D797 /* SeatsView.swift in Sources */,
				3D0EBFD228F09C6F00F442B1 /* PosterData.swift in Sources */,
				3D0EBFCC28F09C6F00F442B1 /* DateButton.swift in Sources */,
				3D0EBFDB28F0B75D00F442B1 /* Tickets.swift in Sources */,
				3D49756B2936A9470071D797 /* ScrollSection.swift in Sources */,
			);
			runOnlyForDeploymentPostprocessing = 0;
		};
/* End PBXSourcesBuildPhase section */

/* Begin XCBuildConfiguration section */
		3D0EBFB828F09A6200F442B1 /* Debug */ = {
			isa = XCBuildConfiguration;
			buildSettings = {
				ALWAYS_SEARCH_USER_PATHS = NO;
				CLANG_ANALYZER_NONNULL = YES;
				CLANG_ANALYZER_NUMBER_OBJECT_CONVERSION = YES_AGGRESSIVE;
				CLANG_CXX_LANGUAGE_STANDARD = "gnu++20";
				CLANG_ENABLE_MODULES = YES;
				CLANG_ENABLE_OBJC_ARC = YES;
				CLANG_ENABLE_OBJC_WEAK = YES;
				CLANG_WARN_BLOCK_CAPTURE_AUTORELEASING = YES;
				CLANG_WARN_BOOL_CONVERSION = YES;
				CLANG_WARN_COMMA = YES;
				CLANG_WARN_CONSTANT_CONVERSION = YES;
				CLANG_WARN_DEPRECATED_OBJC_IMPLEMENTATIONS = YES;
				CLANG_WARN_DIRECT_OBJC_ISA_USAGE = YES_ERROR;
				CLANG_WARN_DOCUMENTATION_COMMENTS = YES;
				CLANG_WARN_EMPTY_BODY = YES;
				CLANG_WARN_ENUM_CONVERSION = YES;
				CLANG_WARN_INFINITE_RECURSION = YES;
				CLANG_WARN_INT_CONVERSION = YES;
				CLANG_WARN_NON_LITERAL_NULL_CONVERSION = YES;
				CLANG_WARN_OBJC_IMPLICIT_RETAIN_SELF = YES;
				CLANG_WARN_OBJC_LITERAL_CONVERSION = YES;
				CLANG_WARN_OBJC_ROOT_CLASS = YES_ERROR;
				CLANG_WARN_QUOTED_INCLUDE_IN_FRAMEWORK_HEADER = YES;
				CLANG_WARN_RANGE_LOOP_ANALYSIS = YES;
				CLANG_WARN_STRICT_PROTOTYPES = YES;
				CLANG_WARN_SUSPICIOUS_MOVE = YES;
				CLANG_WARN_UNGUARDED_AVAILABILITY = YES_AGGRESSIVE;
				CLANG_WARN_UNREACHABLE_CODE = YES;
				CLANG_WARN__DUPLICATE_METHOD_MATCH = YES;
				COPY_PHASE_STRIP = NO;
				DEBUG_INFORMATION_FORMAT = dwarf;
				ENABLE_STRICT_OBJC_MSGSEND = YES;
				ENABLE_TESTABILITY = YES;
				GCC_C_LANGUAGE_STANDARD = gnu11;
				GCC_DYNAMIC_NO_PIC = NO;
				GCC_NO_COMMON_BLOCKS = YES;
				GCC_OPTIMIZATION_LEVEL = 0;
				GCC_PREPROCESSOR_DEFINITIONS = (
					"DEBUG=1",
					"$(inherited)",
				);
				GCC_WARN_64_TO_32_BIT_CONVERSION = YES;
				GCC_WARN_ABOUT_RETURN_TYPE = YES_ERROR;
				GCC_WARN_UNDECLARED_SELECTOR = YES;
				GCC_WARN_UNINITIALIZED_AUTOS = YES_AGGRESSIVE;
				GCC_WARN_UNUSED_FUNCTION = YES;
				GCC_WARN_UNUSED_VARIABLE = YES;
				IPHONEOS_DEPLOYMENT_TARGET = 16.0;
				MTL_ENABLE_DEBUG_INFO = INCLUDE_SOURCE;
				MTL_FAST_MATH = YES;
				ONLY_ACTIVE_ARCH = YES;
				SDKROOT = iphoneos;
				SWIFT_ACTIVE_COMPILATION_CONDITIONS = DEBUG;
				SWIFT_OPTIMIZATION_LEVEL = "-Onone";
			};
			name = Debug;
		};
		3D0EBFB928F09A6200F442B1 /* Release */ = {
			isa = XCBuildConfiguration;
			buildSettings = {
				ALWAYS_SEARCH_USER_PATHS = NO;
				CLANG_ANALYZER_NONNULL = YES;
				CLANG_ANALYZER_NUMBER_OBJECT_CONVERSION = YES_AGGRESSIVE;
				CLANG_CXX_LANGUAGE_STANDARD = "gnu++20";
				CLANG_ENABLE_MODULES = YES;
				CLANG_ENABLE_OBJC_ARC = YES;
				CLANG_ENABLE_OBJC_WEAK = YES;
				CLANG_WARN_BLOCK_CAPTURE_AUTORELEASING = YES;
				CLANG_WARN_BOOL_CONVERSION = YES;
				CLANG_WARN_COMMA = YES;
				CLANG_WARN_CONSTANT_CONVERSION = YES;
				CLANG_WARN_DEPRECATED_OBJC_IMPLEMENTATIONS = YES;
				CLANG_WARN_DIRECT_OBJC_ISA_USAGE = YES_ERROR;
				CLANG_WARN_DOCUMENTATION_COMMENTS = YES;
				CLANG_WARN_EMPTY_BODY = YES;
				CLANG_WARN_ENUM_CONVERSION = YES;
				CLANG_WARN_INFINITE_RECURSION = YES;
				CLANG_WARN_INT_CONVERSION = YES;
				CLANG_WARN_NON_LITERAL_NULL_CONVERSION = YES;
				CLANG_WARN_OBJC_IMPLICIT_RETAIN_SELF = YES;
				CLANG_WARN_OBJC_LITERAL_CONVERSION = YES;
				CLANG_WARN_OBJC_ROOT_CLASS = YES_ERROR;
				CLANG_WARN_QUOTED_INCLUDE_IN_FRAMEWORK_HEADER = YES;
				CLANG_WARN_RANGE_LOOP_ANALYSIS = YES;
				CLANG_WARN_STRICT_PROTOTYPES = YES;
				CLANG_WARN_SUSPICIOUS_MOVE = YES;
				CLANG_WARN_UNGUARDED_AVAILABILITY = YES_AGGRESSIVE;
				CLANG_WARN_UNREACHABLE_CODE = YES;
				CLANG_WARN__DUPLICATE_METHOD_MATCH = YES;
				COPY_PHASE_STRIP = NO;
				DEBUG_INFORMATION_FORMAT = "dwarf-with-dsym";
				ENABLE_NS_ASSERTIONS = NO;
				ENABLE_STRICT_OBJC_MSGSEND = YES;
				GCC_C_LANGUAGE_STANDARD = gnu11;
				GCC_NO_COMMON_BLOCKS = YES;
				GCC_WARN_64_TO_32_BIT_CONVERSION = YES;
				GCC_WARN_ABOUT_RETURN_TYPE = YES_ERROR;
				GCC_WARN_UNDECLARED_SELECTOR = YES;
				GCC_WARN_UNINITIALIZED_AUTOS = YES_AGGRESSIVE;
				GCC_WARN_UNUSED_FUNCTION = YES;
				GCC_WARN_UNUSED_VARIABLE = YES;
				IPHONEOS_DEPLOYMENT_TARGET = 16.0;
				MTL_ENABLE_DEBUG_INFO = NO;
				MTL_FAST_MATH = YES;
				SDKROOT = iphoneos;
				SWIFT_COMPILATION_MODE = wholemodule;
				SWIFT_OPTIMIZATION_LEVEL = "-O";
				VALIDATE_PRODUCT = YES;
			};
			name = Release;
		};
		3D0EBFBB28F09A6200F442B1 /* Debug */ = {
			isa = XCBuildConfiguration;
			buildSettings = {
				ASSETCATALOG_COMPILER_APPICON_NAME = AppIcon;
				ASSETCATALOG_COMPILER_GLOBAL_ACCENT_COLOR_NAME = AccentColor;
				CODE_SIGN_STYLE = Automatic;
				CURRENT_PROJECT_VERSION = 1;
				DEVELOPMENT_ASSET_PATHS = "\"MovieBooking/Preview Content\"";
				DEVELOPMENT_TEAM = V6T23KGG3R;
				ENABLE_PREVIEWS = YES;
				GENERATE_INFOPLIST_FILE = YES;
				INFOPLIST_KEY_UIApplicationSceneManifest_Generation = YES;
				INFOPLIST_KEY_UIApplicationSupportsIndirectInputEvents = YES;
				INFOPLIST_KEY_UILaunchScreen_Generation = YES;
				INFOPLIST_KEY_UISupportedInterfaceOrientations_iPad = "UIInterfaceOrientationPortrait UIInterfaceOrientationPortraitUpsideDown UIInterfaceOrientationLandscapeLeft UIInterfaceOrientationLandscapeRight";
				INFOPLIST_KEY_UISupportedInterfaceOrientations_iPhone = "UIInterfaceOrientationPortrait UIInterfaceOrientationLandscapeLeft UIInterfaceOrientationLandscapeRight";
				LD_RUNPATH_SEARCH_PATHS = (
					"$(inherited)",
					"@executable_path/Frameworks",
				);
				MARKETING_VERSION = 1.0;
				PRODUCT_BUNDLE_IDENTIFIER = Kovalev.com.MovieBooking;
				PRODUCT_NAME = "$(TARGET_NAME)";
				SWIFT_EMIT_LOC_STRINGS = YES;
				SWIFT_VERSION = 5.0;
				TARGETED_DEVICE_FAMILY = "1,2";
			};
			name = Debug;
		};
		3D0EBFBC28F09A6200F442B1 /* Release */ = {
			isa = XCBuildConfiguration;
			buildSettings = {
				ASSETCATALOG_COMPILER_APPICON_NAME = AppIcon;
				ASSETCATALOG_COMPILER_GLOBAL_ACCENT_COLOR_NAME = AccentColor;
				CODE_SIGN_STYLE = Automatic;
				CURRENT_PROJECT_VERSION = 1;
				DEVELOPMENT_ASSET_PATHS = "\"MovieBooking/Preview Content\"";
				DEVELOPMENT_TEAM = V6T23KGG3R;
				ENABLE_PREVIEWS = YES;
				GENERATE_INFOPLIST_FILE = YES;
				INFOPLIST_KEY_UIApplicationSceneManifest_Generation = YES;
				INFOPLIST_KEY_UIApplicationSupportsIndirectInputEvents = YES;
				INFOPLIST_KEY_UILaunchScreen_Generation = YES;
				INFOPLIST_KEY_UISupportedInterfaceOrientations_iPad = "UIInterfaceOrientationPortrait UIInterfaceOrientationPortraitUpsideDown UIInterfaceOrientationLandscapeLeft UIInterfaceOrientationLandscapeRight";
				INFOPLIST_KEY_UISupportedInterfaceOrientations_iPhone = "UIInterfaceOrientationPortrait UIInterfaceOrientationLandscapeLeft UIInterfaceOrientationLandscapeRight";
				LD_RUNPATH_SEARCH_PATHS = (
					"$(inherited)",
					"@executable_path/Frameworks",
				);
				MARKETING_VERSION = 1.0;
				PRODUCT_BUNDLE_IDENTIFIER = Kovalev.com.MovieBooking;
				PRODUCT_NAME = "$(TARGET_NAME)";
				SWIFT_EMIT_LOC_STRINGS = YES;
				SWIFT_VERSION = 5.0;
				TARGETED_DEVICE_FAMILY = "1,2";
			};
			name = Release;
		};
/* End XCBuildConfiguration section */

/* Begin XCConfigurationList section */
		3D0EBFA728F09A6100F442B1 /* Build configuration list for PBXProject "MovieBooking" */ = {
			isa = XCConfigurationList;
			buildConfigurations = (
				3D0EBFB828F09A6200F442B1 /* Debug */,
				3D0EBFB928F09A6200F442B1 /* Release */,
			);
			defaultConfigurationIsVisible = 0;
			defaultConfigurationName = Release;
		};
		3D0EBFBA28F09A6200F442B1 /* Build configuration list for PBXNativeTarget "MovieBooking" */ = {
			isa = XCConfigurationList;
			buildConfigurations = (
				3D0EBFBB28F09A6200F442B1 /* Debug */,
				3D0EBFBC28F09A6200F442B1 /* Release */,
			);
			defaultConfigurationIsVisible = 0;
			defaultConfigurationName = Release;
		};
/* End XCConfigurationList section */
	};
	rootObject = 3D0EBFA428F09A6100F442B1 /* Project object */;
}
